
Microsoft Visual Studio Solution File, Format Version 12.00
# Visual Studio Version 16
VisualStudioVersion = 16.0.31112.23
MinimumVisualStudioVersion = 10.0.40219.1
Project("{8BC9CEB8-8B4A-11D0-8D11-00A0C91BC942}") = "LibraryLib", "LibraryLib\LibraryLib.vcxproj", "{E3D46FAE-C0CD-4F61-9519-3A3CC87E8184}"
EndProject
Project("{8BC9CEB8-8B4A-11D0-8D11-00A0C91BC942}") = "Library", "Library\Library.vcxproj", "{99CDF669-B563-494B-BCFF-2EB79252B55B}"
EndProject
Project("{8BC9CEB8-8B4A-11D0-8D11-00A0C91BC942}") = "LibraryUnitTest", "LibraryUnitTest\LibraryUnitTest.vcxproj", "{7DE27263-5160-4A9A-86EA-4EFACDFF2692}"
EndProject
Global
	GlobalSection(SolutionConfigurationPlatforms) = preSolution
		Debug|x64 = Debug|x64
		Debug|x86 = Debug|x86
		Release|x64 = Release|x64
		Release|x86 = Release|x86
	EndGlobalSection
	GlobalSection(ProjectConfigurationPlatforms) = postSolution
		{E3D46FAE-C0CD-4F61-9519-3A3CC87E8184}.Debug|x64.ActiveCfg = Debug|x64
		{E3D46FAE-C0CD-4F61-9519-3A3CC87E8184}.Debug|x64.Build.0 = Debug|x64
		{E3D46FAE-C0CD-4F61-9519-3A3CC87E8184}.Debug|x86.ActiveCfg = Debug|Win32
		{E3D46FAE-C0CD-4F61-9519-3A3CC87E8184}.Debug|x86.Build.0 = Debug|Win32
		{E3D46FAE-C0CD-4F61-9519-3A3CC87E8184}.Release|x64.ActiveCfg = Release|x64
		{E3D46FAE-C0CD-4F61-9519-3A3CC87E8184}.Release|x64.Build.0 = Release|x64
		{E3D46FAE-C0CD-4F61-9519-3A3CC87E8184}.Release|x86.ActiveCfg = Release|Win32
		{E3D46FAE-C0CD-4F61-9519-3A3CC87E8184}.Release|x86.Build.0 = Release|Win32
		{99CDF669-B563-494B-BCFF-2EB79252B55B}.Debug|x64.ActiveCfg = Debug|x64
		{99CDF669-B563-494B-BCFF-2EB79252B55B}.Debug|x64.Build.0 = Debug|x64
		{99CDF669-B563-494B-BCFF-2EB79252B55B}.Debug|x86.ActiveCfg = Debug|Win32
		{99CDF669-B563-494B-BCFF-2EB79252B55B}.Debug|x86.Build.0 = Debug|Win32
		{99CDF669-B563-494B-BCFF-2EB79252B55B}.Release|x64.ActiveCfg = Release|x64
		{99CDF669-B563-494B-BCFF-2EB79252B55B}.Release|x64.Build.0 = Release|x64
		{99CDF669-B563-494B-BCFF-2EB79252B55B}.Release|x86.ActiveCfg = Release|Win32
		{99CDF669-B563-494B-BCFF-2EB79252B55B}.Release|x86.Build.0 = Release|Win32
		{7DE27263-5160-4A9A-86EA-4EFACDFF2692}.Debug|x64.ActiveCfg = Debug|x64
		{7DE27263-5160-4A9A-86EA-4EFACDFF2692}.Debug|x64.Build.0 = Debug|x64
		{7DE27263-5160-4A9A-86EA-4EFACDFF2692}.Debug|x86.ActiveCfg = Debug|Win32
		{7DE27263-5160-4A9A-86EA-4EFACDFF2692}.Debug|x86.Build.0 = Debug|Win32
		{7DE27263-5160-4A9A-86EA-4EFACDFF2692}.Release|x64.ActiveCfg = Release|x64
		{7DE27263-5160-4A9A-86EA-4EFACDFF2692}.Release|x64.Build.0 = Release|x64
		{7DE27263-5160-4A9A-86EA-4EFACDFF2692}.Release|x86.ActiveCfg = Release|Win32
		{7DE27263-5160-4A9A-86EA-4EFACDFF2692}.Release|x86.Build.0 = Release|Win32
	EndGlobalSection
	GlobalSection(SolutionProperties) = preSolution
		HideSolutionNode = FALSE
	EndGlobalSection
	GlobalSection(ExtensibilityGlobals) = postSolution
		SolutionGuid = {BFD64E07-1370-4D0F-8738-E4FF3978EDCF}
	EndGlobalSection
EndGlobal
